
Microsoft Visual Studio Solution File, Format Version 12.00
# Visual Studio Version 16
VisualStudioVersion = 16.0.31829.152
MinimumVisualStudioVersion = 10.0.40219.1
Project("{FAE04EC0-301F-11D3-BF4B-00C04F79EFBC}") = "WpfApp2", "WpfApp2.csproj", "{A05AA46C-605A-4322-840E-20A83FB1A2F2}"
EndProject
Global
	GlobalSection(SolutionConfigurationPlatforms) = preSolution
		Debug|Any CPU = Debug|Any CPU
		Release|Any CPU = Release|Any CPU
	EndGlobalSection
	GlobalSection(ProjectConfigurationPlatforms) = postSolution
		{A05AA46C-605A-4322-840E-20A83FB1A2F2}.Debug|Any CPU.ActiveCfg = Debug|Any CPU
		{A05AA46C-605A-4322-840E-20A83FB1A2F2}.Debug|Any CPU.Build.0 = Debug|Any CPU
		{A05AA46C-605A-4322-840E-20A83FB1A2F2}.Release|Any CPU.ActiveCfg = Release|Any CPU
		{A05AA46C-605A-4322-840E-20A83FB1A2F2}.Release|Any CPU.Build.0 = Release|Any CPU
	EndGlobalSection
	GlobalSection(SolutionProperties) = preSolution
		HideSolutionNode = FALSE
	EndGlobalSection
	GlobalSection(ExtensibilityGlobals) = postSolution
		SolutionGuid = {DAFE34DE-3364-4698-8973-BF850CDDCE22}
	EndGlobalSection
EndGlobal
